
Microsoft Visual Studio Solution File, Format Version 12.00
# Visual Studio Version 17
VisualStudioVersion = 17.12.35527.113
MinimumVisualStudioVersion = 10.0.40219.1
Project("{FAE04EC0-301F-11D3-BF4B-00C04F79EFBC}") = "DungeonMasterApp", "DungeonMasterApp.csproj", "{6FFB2D28-D12E-4415-BA50-5C160B695DFD}"
EndProject
Project("{FAE04EC0-301F-11D3-BF4B-00C04F79EFBC}") = "DungeonMasterApi", "..\DungeonMasterApi\DungeonMasterApi.csproj", "{FB9AAA51-E0A7-470D-BB8E-DE324169EF73}"
EndProject
Project("{888888A0-9F3D-457C-B088-3A5042F75D52}") = "DungeonMasterBackendPython", "..\DungeonMasterBackendPython\DungeonMasterBackendPython.pyproj", "{16A0AFEB-BEB0-4365-9CA4-50C3DAB58EE1}"
EndProject
Project("{13B669BE-BB05-4DDF-9536-439F39A36129}") = "DungeonMasterBackendPHP", "..\DungeonMasterBackendPHP\DungeonMasterBackendPHP.phpproj", "{5536DF05-2AFF-49CB-8F49-0D7A24AF53EE}"
EndProject
Project("{2150E333-8FDC-42A3-9474-1A3956D46DE8}") = "Frontend", "Frontend", "{21BF2334-31D6-4068-A7D8-C25B8F7B271F}"
EndProject
Project("{2150E333-8FDC-42A3-9474-1A3956D46DE8}") = "Backend", "Backend", "{F63271B9-FBD6-42A1-AA3F-436FC0A23C3E}"
EndProject
Global
	GlobalSection(SolutionConfigurationPlatforms) = preSolution
		Debug|Any CPU = Debug|Any CPU
		Release|Any CPU = Release|Any CPU
	EndGlobalSection
	GlobalSection(ProjectConfigurationPlatforms) = postSolution
		{6FFB2D28-D12E-4415-BA50-5C160B695DFD}.Debug|Any CPU.ActiveCfg = Debug|Any CPU
		{6FFB2D28-D12E-4415-BA50-5C160B695DFD}.Debug|Any CPU.Build.0 = Debug|Any CPU
		{6FFB2D28-D12E-4415-BA50-5C160B695DFD}.Release|Any CPU.ActiveCfg = Release|Any CPU
		{6FFB2D28-D12E-4415-BA50-5C160B695DFD}.Release|Any CPU.Build.0 = Release|Any CPU
		{FB9AAA51-E0A7-470D-BB8E-DE324169EF73}.Debug|Any CPU.ActiveCfg = Debug|Any CPU
		{FB9AAA51-E0A7-470D-BB8E-DE324169EF73}.Debug|Any CPU.Build.0 = Debug|Any CPU
		{FB9AAA51-E0A7-470D-BB8E-DE324169EF73}.Release|Any CPU.ActiveCfg = Release|Any CPU
		{FB9AAA51-E0A7-470D-BB8E-DE324169EF73}.Release|Any CPU.Build.0 = Release|Any CPU
		{16A0AFEB-BEB0-4365-9CA4-50C3DAB58EE1}.Debug|Any CPU.ActiveCfg = Debug|Any CPU
		{16A0AFEB-BEB0-4365-9CA4-50C3DAB58EE1}.Release|Any CPU.ActiveCfg = Release|Any CPU
		{5536DF05-2AFF-49CB-8F49-0D7A24AF53EE}.Debug|Any CPU.ActiveCfg = Debug|Any CPU
		{5536DF05-2AFF-49CB-8F49-0D7A24AF53EE}.Debug|Any CPU.Build.0 = Debug|Any CPU
		{5536DF05-2AFF-49CB-8F49-0D7A24AF53EE}.Release|Any CPU.ActiveCfg = Release|Any CPU
		{5536DF05-2AFF-49CB-8F49-0D7A24AF53EE}.Release|Any CPU.Build.0 = Release|Any CPU
	EndGlobalSection
	GlobalSection(SolutionProperties) = preSolution
		HideSolutionNode = FALSE
	EndGlobalSection
	GlobalSection(NestedProjects) = preSolution
		{6FFB2D28-D12E-4415-BA50-5C160B695DFD} = {21BF2334-31D6-4068-A7D8-C25B8F7B271F}
		{FB9AAA51-E0A7-470D-BB8E-DE324169EF73} = {F63271B9-FBD6-42A1-AA3F-436FC0A23C3E}
		{16A0AFEB-BEB0-4365-9CA4-50C3DAB58EE1} = {F63271B9-FBD6-42A1-AA3F-436FC0A23C3E}
		{5536DF05-2AFF-49CB-8F49-0D7A24AF53EE} = {F63271B9-FBD6-42A1-AA3F-436FC0A23C3E}
	EndGlobalSection
EndGlobal
